
Microsoft Visual Studio Solution File, Format Version 12.00
# Visual Studio 15
Project("{FAE04EC0-301F-11D3-BF4B-00C04F79EFBC}") = "Assembly-CSharp", "Assembly-CSharp.csproj", "{0BE8E511-D506-A1D0-E67D-923A5ED26D39}"
EndProject
Project("{FAE04EC0-301F-11D3-BF4B-00C04F79EFBC}") = "Mirror", "Mirror.csproj", "{B78AC730-3F83-AFB8-D095-2F0AC0BA09A1}"
EndProject
Project("{FAE04EC0-301F-11D3-BF4B-00C04F79EFBC}") = "Telepathy", "Telepathy.csproj", "{0EBA1730-D649-50C4-7C63-5136A44C03AB}"
EndProject
Project("{FAE04EC0-301F-11D3-BF4B-00C04F79EFBC}") = "Mirror.Websocket", "Mirror.Websocket.csproj", "{F30ADF32-ED08-5519-CDBB-7BDF020767AF}"
EndProject
Project("{FAE04EC0-301F-11D3-BF4B-00C04F79EFBC}") = "Mirror.Cloud", "Mirror.Cloud.csproj", "{F78F6D84-6AD0-288F-A74E-22A5ACE117A0}"
EndProject
Project("{FAE04EC0-301F-11D3-BF4B-00C04F79EFBC}") = "Mirror.Components", "Mirror.Components.csproj", "{5B698356-121B-0A36-3B20-1631E96CEE36}"
EndProject
Project("{FAE04EC0-301F-11D3-BF4B-00C04F79EFBC}") = "Ninja.WebSockets", "Ninja.WebSockets.csproj", "{58F4376F-3F90-81FD-E478-FC903CBB06E3}"
EndProject
Project("{FAE04EC0-301F-11D3-BF4B-00C04F79EFBC}") = "Mirror.Examples", "Mirror.Examples.csproj", "{4AC88824-F3A9-3E3C-45C2-1C8EA904E6B1}"
EndProject
Project("{FAE04EC0-301F-11D3-BF4B-00C04F79EFBC}") = "Mirror.Examples.Cloud.GUI", "Mirror.Examples.Cloud.GUI.csproj", "{961B20FE-B9BD-DBDE-ECB9-946962246823}"
EndProject
Project("{FAE04EC0-301F-11D3-BF4B-00C04F79EFBC}") = "Mirror.Examples.Cloud.Pong", "Mirror.Examples.Cloud.Pong.csproj", "{E6552833-82CB-78FF-48DC-E7952D78DDB5}"
EndProject
Project("{FAE04EC0-301F-11D3-BF4B-00C04F79EFBC}") = "Mirror.Authenticators", "Mirror.Authenticators.csproj", "{C959D262-15F8-33D2-779E-C354DBC15031}"
EndProject
Project("{FAE04EC0-301F-11D3-BF4B-00C04F79EFBC}") = "Mirror.example.RigidbodyPhysics", "Mirror.example.RigidbodyPhysics.csproj", "{2E15D6B4-F11C-AE62-96A2-50167746EEEF}"
EndProject
Project("{FAE04EC0-301F-11D3-BF4B-00C04F79EFBC}") = "Assembly-CSharp-Editor", "Assembly-CSharp-Editor.csproj", "{00366C92-7ED2-FFA1-4310-E9B080B0170D}"
EndProject
Project("{FAE04EC0-301F-11D3-BF4B-00C04F79EFBC}") = "Mirror.Weaver", "Mirror.Weaver.csproj", "{DC11774D-A615-150A-A66C-0294272B9F32}"
EndProject
Project("{FAE04EC0-301F-11D3-BF4B-00C04F79EFBC}") = "Mirror.Editor", "Mirror.Editor.csproj", "{C2E27293-3E4D-7363-9307-E3A03940C8AC}"
EndProject
Project("{FAE04EC0-301F-11D3-BF4B-00C04F79EFBC}") = "Mirror.CompilerSymbols", "Mirror.CompilerSymbols.csproj", "{0A8307ED-C4F4-1509-9105-C8D3C4494804}"
EndProject
Global
	GlobalSection(SolutionConfigurationPlatforms) = preSolution
		Debug|Any CPU = Debug|Any CPU
		Release|Any CPU = Release|Any CPU
	EndGlobalSection
	GlobalSection(ProjectConfigurationPlatforms) = postSolution
		{0BE8E511-D506-A1D0-E67D-923A5ED26D39}.Debug|Any CPU.ActiveCfg = Debug|Any CPU
		{0BE8E511-D506-A1D0-E67D-923A5ED26D39}.Debug|Any CPU.Build.0 = Debug|Any CPU
		{0BE8E511-D506-A1D0-E67D-923A5ED26D39}.Release|Any CPU.ActiveCfg = Release|Any CPU
		{0BE8E511-D506-A1D0-E67D-923A5ED26D39}.Release|Any CPU.Build.0 = Release|Any CPU
		{B78AC730-3F83-AFB8-D095-2F0AC0BA09A1}.Debug|Any CPU.ActiveCfg = Debug|Any CPU
		{B78AC730-3F83-AFB8-D095-2F0AC0BA09A1}.Debug|Any CPU.Build.0 = Debug|Any CPU
		{B78AC730-3F83-AFB8-D095-2F0AC0BA09A1}.Release|Any CPU.ActiveCfg = Release|Any CPU
		{B78AC730-3F83-AFB8-D095-2F0AC0BA09A1}.Release|Any CPU.Build.0 = Release|Any CPU
		{0EBA1730-D649-50C4-7C63-5136A44C03AB}.Debug|Any CPU.ActiveCfg = Debug|Any CPU
		{0EBA1730-D649-50C4-7C63-5136A44C03AB}.Debug|Any CPU.Build.0 = Debug|Any CPU
		{0EBA1730-D649-50C4-7C63-5136A44C03AB}.Release|Any CPU.ActiveCfg = Release|Any CPU
		{0EBA1730-D649-50C4-7C63-5136A44C03AB}.Release|Any CPU.Build.0 = Release|Any CPU
		{F30ADF32-ED08-5519-CDBB-7BDF020767AF}.Debug|Any CPU.ActiveCfg = Debug|Any CPU
		{F30ADF32-ED08-5519-CDBB-7BDF020767AF}.Debug|Any CPU.Build.0 = Debug|Any CPU
		{F30ADF32-ED08-5519-CDBB-7BDF020767AF}.Release|Any CPU.ActiveCfg = Release|Any CPU
		{F30ADF32-ED08-5519-CDBB-7BDF020767AF}.Release|Any CPU.Build.0 = Release|Any CPU
		{F78F6D84-6AD0-288F-A74E-22A5ACE117A0}.Debug|Any CPU.ActiveCfg = Debug|Any CPU
		{F78F6D84-6AD0-288F-A74E-22A5ACE117A0}.Debug|Any CPU.Build.0 = Debug|Any CPU
		{F78F6D84-6AD0-288F-A74E-22A5ACE117A0}.Release|Any CPU.ActiveCfg = Release|Any CPU
		{F78F6D84-6AD0-288F-A74E-22A5ACE117A0}.Release|Any CPU.Build.0 = Release|Any CPU
		{5B698356-121B-0A36-3B20-1631E96CEE36}.Debug|Any CPU.ActiveCfg = Debug|Any CPU
		{5B698356-121B-0A36-3B20-1631E96CEE36}.Debug|Any CPU.Build.0 = Debug|Any CPU
		{5B698356-121B-0A36-3B20-1631E96CEE36}.Release|Any CPU.ActiveCfg = Release|Any CPU
		{5B698356-121B-0A36-3B20-1631E96CEE36}.Release|Any CPU.Build.0 = Release|Any CPU
		{58F4376F-3F90-81FD-E478-FC903CBB06E3}.Debug|Any CPU.ActiveCfg = Debug|Any CPU
		{58F4376F-3F90-81FD-E478-FC903CBB06E3}.Debug|Any CPU.Build.0 = Debug|Any CPU
		{58F4376F-3F90-81FD-E478-FC903CBB06E3}.Release|Any CPU.ActiveCfg = Release|Any CPU
		{58F4376F-3F90-81FD-E478-FC903CBB06E3}.Release|Any CPU.Build.0 = Release|Any CPU
		{4AC88824-F3A9-3E3C-45C2-1C8EA904E6B1}.Debug|Any CPU.ActiveCfg = Debug|Any CPU
		{4AC88824-F3A9-3E3C-45C2-1C8EA904E6B1}.Debug|Any CPU.Build.0 = Debug|Any CPU
		{4AC88824-F3A9-3E3C-45C2-1C8EA904E6B1}.Release|Any CPU.ActiveCfg = Release|Any CPU
		{4AC88824-F3A9-3E3C-45C2-1C8EA904E6B1}.Release|Any CPU.Build.0 = Release|Any CPU
		{961B20FE-B9BD-DBDE-ECB9-946962246823}.Debug|Any CPU.ActiveCfg = Debug|Any CPU
		{961B20FE-B9BD-DBDE-ECB9-946962246823}.Debug|Any CPU.Build.0 = Debug|Any CPU
		{961B20FE-B9BD-DBDE-ECB9-946962246823}.Release|Any CPU.ActiveCfg = Release|Any CPU
		{961B20FE-B9BD-DBDE-ECB9-946962246823}.Release|Any CPU.Build.0 = Release|Any CPU
		{E6552833-82CB-78FF-48DC-E7952D78DDB5}.Debug|Any CPU.ActiveCfg = Debug|Any CPU
		{E6552833-82CB-78FF-48DC-E7952D78DDB5}.Debug|Any CPU.Build.0 = Debug|Any CPU
		{E6552833-82CB-78FF-48DC-E7952D78DDB5}.Release|Any CPU.ActiveCfg = Release|Any CPU
		{E6552833-82CB-78FF-48DC-E7952D78DDB5}.Release|Any CPU.Build.0 = Release|Any CPU
		{C959D262-15F8-33D2-779E-C354DBC15031}.Debug|Any CPU.ActiveCfg = Debug|Any CPU
		{C959D262-15F8-33D2-779E-C354DBC15031}.Debug|Any CPU.Build.0 = Debug|Any CPU
		{C959D262-15F8-33D2-779E-C354DBC15031}.Release|Any CPU.ActiveCfg = Release|Any CPU
		{C959D262-15F8-33D2-779E-C354DBC15031}.Release|Any CPU.Build.0 = Release|Any CPU
		{2E15D6B4-F11C-AE62-96A2-50167746EEEF}.Debug|Any CPU.ActiveCfg = Debug|Any CPU
		{2E15D6B4-F11C-AE62-96A2-50167746EEEF}.Debug|Any CPU.Build.0 = Debug|Any CPU
		{2E15D6B4-F11C-AE62-96A2-50167746EEEF}.Release|Any CPU.ActiveCfg = Release|Any CPU
		{2E15D6B4-F11C-AE62-96A2-50167746EEEF}.Release|Any CPU.Build.0 = Release|Any CPU
		{00366C92-7ED2-FFA1-4310-E9B080B0170D}.Debug|Any CPU.ActiveCfg = Debug|Any CPU
		{00366C92-7ED2-FFA1-4310-E9B080B0170D}.Debug|Any CPU.Build.0 = Debug|Any CPU
		{00366C92-7ED2-FFA1-4310-E9B080B0170D}.Release|Any CPU.ActiveCfg = Release|Any CPU
		{00366C92-7ED2-FFA1-4310-E9B080B0170D}.Release|Any CPU.Build.0 = Release|Any CPU
		{DC11774D-A615-150A-A66C-0294272B9F32}.Debug|Any CPU.ActiveCfg = Debug|Any CPU
		{DC11774D-A615-150A-A66C-0294272B9F32}.Debug|Any CPU.Build.0 = Debug|Any CPU
		{DC11774D-A615-150A-A66C-0294272B9F32}.Release|Any CPU.ActiveCfg = Release|Any CPU
		{DC11774D-A615-150A-A66C-0294272B9F32}.Release|Any CPU.Build.0 = Release|Any CPU
		{C2E27293-3E4D-7363-9307-E3A03940C8AC}.Debug|Any CPU.ActiveCfg = Debug|Any CPU
		{C2E27293-3E4D-7363-9307-E3A03940C8AC}.Debug|Any CPU.Build.0 = Debug|Any CPU
		{C2E27293-3E4D-7363-9307-E3A03940C8AC}.Release|Any CPU.ActiveCfg = Release|Any CPU
		{C2E27293-3E4D-7363-9307-E3A03940C8AC}.Release|Any CPU.Build.0 = Release|Any CPU
		{0A8307ED-C4F4-1509-9105-C8D3C4494804}.Debug|Any CPU.ActiveCfg = Debug|Any CPU
		{0A8307ED-C4F4-1509-9105-C8D3C4494804}.Debug|Any CPU.Build.0 = Debug|Any CPU
		{0A8307ED-C4F4-1509-9105-C8D3C4494804}.Release|Any CPU.ActiveCfg = Release|Any CPU
		{0A8307ED-C4F4-1509-9105-C8D3C4494804}.Release|Any CPU.Build.0 = Release|Any CPU
	EndGlobalSection
	GlobalSection(SolutionProperties) = preSolution
		HideSolutionNode = FALSE
	EndGlobalSection
	GlobalSection(MonoDevelopProperties) = preSolution
		StartupItem = Assembly-CSharp.csproj
	EndGlobalSection
EndGlobal
